
Microsoft Visual Studio Solution File, Format Version 12.00
# Visual Studio Version 17
VisualStudioVersion = 17.2.32526.322
MinimumVisualStudioVersion = 10.0.40219.1
Project("{2150E333-8FDC-42A3-9474-1A3956D46DE8}") = "00-Entities", "00-Entities", "{278DD0B5-0C71-467C-80C4-D0CC9FF02E5B}"
EndProject
Project("{2150E333-8FDC-42A3-9474-1A3956D46DE8}") = "01-DataAccess", "01-DataAccess", "{1433F6DF-E9D7-489B-92E9-94DA80FAA62E}"
EndProject
Project("{2150E333-8FDC-42A3-9474-1A3956D46DE8}") = "02-Business", "02-Business", "{EFA9CB7D-AD52-4E7B-ABAF-B2CE0A573DFF}"
EndProject
Project("{2150E333-8FDC-42A3-9474-1A3956D46DE8}") = "03-Api", "03-Api", "{E9586531-0EA9-4568-82BC-D56C5C496C8D}"
EndProject
Project("{9A19103F-16F7-4668-BE54-9A1E7A4F7556}") = "Gestion.Colegial.Business", "Gestion.Colegial.Business\Gestion.Colegial.Business.csproj", "{FFE78B0F-3BC8-43A6-9AA8-F223216F1D9B}"
EndProject
Project("{9A19103F-16F7-4668-BE54-9A1E7A4F7556}") = "Gestion.Colegial.Entities", "Gestion.Colegial.Entities\Gestion.Colegial.Entities.csproj", "{09DF160D-AF70-4E4C-B0A1-279E26686903}"
EndProject
Project("{9A19103F-16F7-4668-BE54-9A1E7A4F7556}") = "Gestion.Colegial.DataAccess", "Gestion.Colegial.DataAccess\Gestion.Colegial.DataAccess.csproj", "{702AD67B-A5B0-47F5-87B1-A5301D766D50}"
EndProject
Project("{9A19103F-16F7-4668-BE54-9A1E7A4F7556}") = "Gestion.Colegial.Api", "Gestion.Colegial.Api\Gestion.Colegial.Api.csproj", "{20C0904D-85A9-48F1-8685-5DA9226BE7FD}"
EndProject
Global
	GlobalSection(SolutionConfigurationPlatforms) = preSolution
		Debug|Any CPU = Debug|Any CPU
		Release|Any CPU = Release|Any CPU
	EndGlobalSection
	GlobalSection(ProjectConfigurationPlatforms) = postSolution
		{FFE78B0F-3BC8-43A6-9AA8-F223216F1D9B}.Debug|Any CPU.ActiveCfg = Debug|Any CPU
		{FFE78B0F-3BC8-43A6-9AA8-F223216F1D9B}.Debug|Any CPU.Build.0 = Debug|Any CPU
		{FFE78B0F-3BC8-43A6-9AA8-F223216F1D9B}.Release|Any CPU.ActiveCfg = Release|Any CPU
		{FFE78B0F-3BC8-43A6-9AA8-F223216F1D9B}.Release|Any CPU.Build.0 = Release|Any CPU
		{09DF160D-AF70-4E4C-B0A1-279E26686903}.Debug|Any CPU.ActiveCfg = Debug|Any CPU
		{09DF160D-AF70-4E4C-B0A1-279E26686903}.Debug|Any CPU.Build.0 = Debug|Any CPU
		{09DF160D-AF70-4E4C-B0A1-279E26686903}.Release|Any CPU.ActiveCfg = Release|Any CPU
		{09DF160D-AF70-4E4C-B0A1-279E26686903}.Release|Any CPU.Build.0 = Release|Any CPU
		{702AD67B-A5B0-47F5-87B1-A5301D766D50}.Debug|Any CPU.ActiveCfg = Debug|Any CPU
		{702AD67B-A5B0-47F5-87B1-A5301D766D50}.Debug|Any CPU.Build.0 = Debug|Any CPU
		{702AD67B-A5B0-47F5-87B1-A5301D766D50}.Release|Any CPU.ActiveCfg = Release|Any CPU
		{702AD67B-A5B0-47F5-87B1-A5301D766D50}.Release|Any CPU.Build.0 = Release|Any CPU
		{20C0904D-85A9-48F1-8685-5DA9226BE7FD}.Debug|Any CPU.ActiveCfg = Debug|Any CPU
		{20C0904D-85A9-48F1-8685-5DA9226BE7FD}.Debug|Any CPU.Build.0 = Debug|Any CPU
		{20C0904D-85A9-48F1-8685-5DA9226BE7FD}.Release|Any CPU.ActiveCfg = Release|Any CPU
		{20C0904D-85A9-48F1-8685-5DA9226BE7FD}.Release|Any CPU.Build.0 = Release|Any CPU
	EndGlobalSection
	GlobalSection(SolutionProperties) = preSolution
		HideSolutionNode = FALSE
	EndGlobalSection
	GlobalSection(NestedProjects) = preSolution
		{FFE78B0F-3BC8-43A6-9AA8-F223216F1D9B} = {EFA9CB7D-AD52-4E7B-ABAF-B2CE0A573DFF}
		{09DF160D-AF70-4E4C-B0A1-279E26686903} = {278DD0B5-0C71-467C-80C4-D0CC9FF02E5B}
		{702AD67B-A5B0-47F5-87B1-A5301D766D50} = {1433F6DF-E9D7-489B-92E9-94DA80FAA62E}
		{20C0904D-85A9-48F1-8685-5DA9226BE7FD} = {E9586531-0EA9-4568-82BC-D56C5C496C8D}
	EndGlobalSection
	GlobalSection(ExtensibilityGlobals) = postSolution
		SolutionGuid = {EFF0AC0E-5868-4461-8D33-D86CBD01E585}
	EndGlobalSection
EndGlobal
